
Microsoft Visual Studio Solution File, Format Version 12.00
# Visual Studio 2012
Project("{2150E333-8FDC-42A3-9474-1A3956D46DE8}") = "Support", "Support", "{94993FB2-3AB7-4F80-9881-2F2D3CCA39B1}"
EndProject
Project("{FAE04EC0-301F-11D3-BF4B-00C04F79EFBC}") = "MfGames.GtkExt.TextEditor", "MfGames.GtkExt.TextEditor\MfGames.GtkExt.TextEditor.csproj", "{C4AADFA8-6268-4D61-B44B-78F1A69D3EAF}"
EndProject
Project("{FAE04EC0-301F-11D3-BF4B-00C04F79EFBC}") = "CreateExhaustiveSelectionTests", "CreateExhaustiveSelectionTests\CreateExhaustiveSelectionTests.csproj", "{3FB956E6-40FB-4ED3-8047-1CCDC8DECE3B}"
EndProject
Project("{FAE04EC0-301F-11D3-BF4B-00C04F79EFBC}") = "MfGames.GtkExt.TextEditor.Models", "MfGames.GtkExt.TextEditor.Models\MfGames.GtkExt.TextEditor.Models.csproj", "{1F3AD3B8-7459-41EA-A730-334DF89EB6F0}"
EndProject
Project("{FAE04EC0-301F-11D3-BF4B-00C04F79EFBC}") = "UnitTests", "GtkExtUnitTests\UnitTests.csproj", "{2EB3E9A0-514D-4194-A74D-F6386366E394}"
EndProject
Project("{2150E333-8FDC-42A3-9474-1A3956D46DE8}") = ".nuget", ".nuget", "{1005DDDC-4C69-41EB-AC17-07F61AEE041B}"
	ProjectSection(SolutionItems) = preProject
		.nuget\NuGet.Config = .nuget\NuGet.Config
		.nuget\NuGet.exe = .nuget\NuGet.exe
		.nuget\NuGet.targets = .nuget\NuGet.targets
	EndProjectSection
EndProject
Project("{FAE04EC0-301F-11D3-BF4B-00C04F79EFBC}") = "MfGames.GtkExt.TextEditor.Demo", "MfGames.GtkExt.TextEditor.Demo\MfGames.GtkExt.TextEditor.Demo.csproj", "{B1823551-D11A-4C41-BD44-DD60BAA2ABF6}"
EndProject
Global
	GlobalSection(SolutionConfigurationPlatforms) = preSolution
		Debug|Any CPU = Debug|Any CPU
		Debug|x86 = Debug|x86
		Release|Any CPU = Release|Any CPU
		Release|x86 = Release|x86
	EndGlobalSection
	GlobalSection(ProjectConfigurationPlatforms) = postSolution
		{C4AADFA8-6268-4D61-B44B-78F1A69D3EAF}.Debug|Any CPU.ActiveCfg = Debug|Any CPU
		{C4AADFA8-6268-4D61-B44B-78F1A69D3EAF}.Debug|Any CPU.Build.0 = Debug|Any CPU
		{C4AADFA8-6268-4D61-B44B-78F1A69D3EAF}.Debug|x86.ActiveCfg = Debug|x86
		{C4AADFA8-6268-4D61-B44B-78F1A69D3EAF}.Debug|x86.Build.0 = Debug|x86
		{C4AADFA8-6268-4D61-B44B-78F1A69D3EAF}.Release|Any CPU.ActiveCfg = Release|Any CPU
		{C4AADFA8-6268-4D61-B44B-78F1A69D3EAF}.Release|Any CPU.Build.0 = Release|Any CPU
		{C4AADFA8-6268-4D61-B44B-78F1A69D3EAF}.Release|x86.ActiveCfg = Release|x86
		{C4AADFA8-6268-4D61-B44B-78F1A69D3EAF}.Release|x86.Build.0 = Release|x86
		{3FB956E6-40FB-4ED3-8047-1CCDC8DECE3B}.Debug|Any CPU.ActiveCfg = Debug|Any CPU
		{3FB956E6-40FB-4ED3-8047-1CCDC8DECE3B}.Debug|Any CPU.Build.0 = Debug|Any CPU
		{3FB956E6-40FB-4ED3-8047-1CCDC8DECE3B}.Debug|x86.ActiveCfg = Debug|Any CPU
		{3FB956E6-40FB-4ED3-8047-1CCDC8DECE3B}.Release|Any CPU.ActiveCfg = Release|Any CPU
		{3FB956E6-40FB-4ED3-8047-1CCDC8DECE3B}.Release|Any CPU.Build.0 = Release|Any CPU
		{3FB956E6-40FB-4ED3-8047-1CCDC8DECE3B}.Release|x86.ActiveCfg = Release|Any CPU
		{1F3AD3B8-7459-41EA-A730-334DF89EB6F0}.Debug|Any CPU.ActiveCfg = Debug|Any CPU
		{1F3AD3B8-7459-41EA-A730-334DF89EB6F0}.Debug|Any CPU.Build.0 = Debug|Any CPU
		{1F3AD3B8-7459-41EA-A730-334DF89EB6F0}.Debug|x86.ActiveCfg = Debug|Any CPU
		{1F3AD3B8-7459-41EA-A730-334DF89EB6F0}.Release|Any CPU.ActiveCfg = Release|Any CPU
		{1F3AD3B8-7459-41EA-A730-334DF89EB6F0}.Release|Any CPU.Build.0 = Release|Any CPU
		{1F3AD3B8-7459-41EA-A730-334DF89EB6F0}.Release|x86.ActiveCfg = Release|Any CPU
		{2EB3E9A0-514D-4194-A74D-F6386366E394}.Debug|Any CPU.ActiveCfg = Debug|Any CPU
		{2EB3E9A0-514D-4194-A74D-F6386366E394}.Debug|Any CPU.Build.0 = Debug|Any CPU
		{2EB3E9A0-514D-4194-A74D-F6386366E394}.Debug|x86.ActiveCfg = Debug|Any CPU
		{2EB3E9A0-514D-4194-A74D-F6386366E394}.Release|Any CPU.ActiveCfg = Release|Any CPU
		{2EB3E9A0-514D-4194-A74D-F6386366E394}.Release|Any CPU.Build.0 = Release|Any CPU
		{2EB3E9A0-514D-4194-A74D-F6386366E394}.Release|x86.ActiveCfg = Release|Any CPU
		{B1823551-D11A-4C41-BD44-DD60BAA2ABF6}.Debug|Any CPU.ActiveCfg = Debug|Any CPU
		{B1823551-D11A-4C41-BD44-DD60BAA2ABF6}.Debug|Any CPU.Build.0 = Debug|Any CPU
		{B1823551-D11A-4C41-BD44-DD60BAA2ABF6}.Debug|x86.ActiveCfg = Debug|Any CPU
		{B1823551-D11A-4C41-BD44-DD60BAA2ABF6}.Release|Any CPU.ActiveCfg = Release|Any CPU
		{B1823551-D11A-4C41-BD44-DD60BAA2ABF6}.Release|Any CPU.Build.0 = Release|Any CPU
		{B1823551-D11A-4C41-BD44-DD60BAA2ABF6}.Release|x86.ActiveCfg = Release|Any CPU
	EndGlobalSection
	GlobalSection(SolutionProperties) = preSolution
		HideSolutionNode = FALSE
	EndGlobalSection
	GlobalSection(NestedProjects) = preSolution
		{3FB956E6-40FB-4ED3-8047-1CCDC8DECE3B} = {94993FB2-3AB7-4F80-9881-2F2D3CCA39B1}
		{2EB3E9A0-514D-4194-A74D-F6386366E394} = {94993FB2-3AB7-4F80-9881-2F2D3CCA39B1}
	EndGlobalSection
	GlobalSection(MonoDevelopProperties) = preSolution
		StartupItem = GtkExtDemo\GtkExtDemo.csproj
	EndGlobalSection
EndGlobal
